
Microsoft Visual Studio Solution File, Format Version 12.00
# Visual Studio Version 17
VisualStudioVersion = 17.14.36511.14 d17.14
MinimumVisualStudioVersion = 10.0.40219.1
Project("{FAE04EC0-301F-11D3-BF4B-00C04F79EFBC}") = "Praktik6.3_M_David_X_PPLG2", "Praktik6.3_M_David_X_PPLG2\Praktik6.3_M_David_X_PPLG2.csproj", "{6AC65129-CA38-4923-A2A3-A4115B671E1D}"
EndProject
Global
	GlobalSection(SolutionConfigurationPlatforms) = preSolution
		Debug|Any CPU = Debug|Any CPU
		Release|Any CPU = Release|Any CPU
	EndGlobalSection
	GlobalSection(ProjectConfigurationPlatforms) = postSolution
		{6AC65129-CA38-4923-A2A3-A4115B671E1D}.Debug|Any CPU.ActiveCfg = Debug|Any CPU
		{6AC65129-CA38-4923-A2A3-A4115B671E1D}.Debug|Any CPU.Build.0 = Debug|Any CPU
		{6AC65129-CA38-4923-A2A3-A4115B671E1D}.Release|Any CPU.ActiveCfg = Release|Any CPU
		{6AC65129-CA38-4923-A2A3-A4115B671E1D}.Release|Any CPU.Build.0 = Release|Any CPU
	EndGlobalSection
	GlobalSection(SolutionProperties) = preSolution
		HideSolutionNode = FALSE
	EndGlobalSection
	GlobalSection(ExtensibilityGlobals) = postSolution
		SolutionGuid = {52E07C46-FF13-48AC-86E2-562B62FD62A7}
	EndGlobalSection
EndGlobal
