
Microsoft Visual Studio Solution File, Format Version 12.00
# Visual Studio Version 17
VisualStudioVersion = 17.14.36511.14 d17.14
MinimumVisualStudioVersion = 10.0.40219.1
Project("{FAE04EC0-301F-11D3-BF4B-00C04F79EFBC}") = "Tugas2_M.David_X_PPLG2", "Tugas2_M.David_X_PPLG2\Tugas2_M.David_X_PPLG2.csproj", "{B7D1905E-37BE-4AD7-899D-BE92DD626488}"
EndProject
Global
	GlobalSection(SolutionConfigurationPlatforms) = preSolution
		Debug|Any CPU = Debug|Any CPU
		Release|Any CPU = Release|Any CPU
	EndGlobalSection
	GlobalSection(ProjectConfigurationPlatforms) = postSolution
		{B7D1905E-37BE-4AD7-899D-BE92DD626488}.Debug|Any CPU.ActiveCfg = Debug|Any CPU
		{B7D1905E-37BE-4AD7-899D-BE92DD626488}.Debug|Any CPU.Build.0 = Debug|Any CPU
		{B7D1905E-37BE-4AD7-899D-BE92DD626488}.Release|Any CPU.ActiveCfg = Release|Any CPU
		{B7D1905E-37BE-4AD7-899D-BE92DD626488}.Release|Any CPU.Build.0 = Release|Any CPU
	EndGlobalSection
	GlobalSection(SolutionProperties) = preSolution
		HideSolutionNode = FALSE
	EndGlobalSection
	GlobalSection(ExtensibilityGlobals) = postSolution
		SolutionGuid = {1D3690CA-55E6-41A6-93EB-378E4F5421E0}
	EndGlobalSection
EndGlobal
