
Microsoft Visual Studio Solution File, Format Version 12.00
# Visual Studio Version 17
VisualStudioVersion = 17.14.36511.14 d17.14
MinimumVisualStudioVersion = 10.0.40219.1
Project("{FAE04EC0-301F-11D3-BF4B-00C04F79EFBC}") = "Praktik6.2_M_David_X_PPLG2", "Praktik6.2_M_David_X_PPLG2\Praktik6.2_M_David_X_PPLG2.csproj", "{A26788D1-E9C0-484C-BEDE-70352EA6AB11}"
EndProject
Global
	GlobalSection(SolutionConfigurationPlatforms) = preSolution
		Debug|Any CPU = Debug|Any CPU
		Release|Any CPU = Release|Any CPU
	EndGlobalSection
	GlobalSection(ProjectConfigurationPlatforms) = postSolution
		{A26788D1-E9C0-484C-BEDE-70352EA6AB11}.Debug|Any CPU.ActiveCfg = Debug|Any CPU
		{A26788D1-E9C0-484C-BEDE-70352EA6AB11}.Debug|Any CPU.Build.0 = Debug|Any CPU
		{A26788D1-E9C0-484C-BEDE-70352EA6AB11}.Release|Any CPU.ActiveCfg = Release|Any CPU
		{A26788D1-E9C0-484C-BEDE-70352EA6AB11}.Release|Any CPU.Build.0 = Release|Any CPU
	EndGlobalSection
	GlobalSection(SolutionProperties) = preSolution
		HideSolutionNode = FALSE
	EndGlobalSection
	GlobalSection(ExtensibilityGlobals) = postSolution
		SolutionGuid = {2B46AAFB-CFE8-49D4-839F-373301C2C310}
	EndGlobalSection
EndGlobal
